
Microsoft Visual Studio Solution File, Format Version 12.00
# Visual Studio Version 17
VisualStudioVersion = 17.9.34728.123
MinimumVisualStudioVersion = 10.0.40219.1
Project("{FAE04EC0-301F-11D3-BF4B-00C04F79EFBC}") = "Ram Cleaner", "Ram Cleaner.csproj", "{3E53F1DA-3E52-461D-879F-41469678C4E1}"
EndProject
Global
	GlobalSection(SolutionConfigurationPlatforms) = preSolution
		Debug|Any CPU = Debug|Any CPU
		Release|Any CPU = Release|Any CPU
	EndGlobalSection
	GlobalSection(ProjectConfigurationPlatforms) = postSolution
		{3E53F1DA-3E52-461D-879F-41469678C4E1}.Debug|Any CPU.ActiveCfg = Debug|Any CPU
		{3E53F1DA-3E52-461D-879F-41469678C4E1}.Debug|Any CPU.Build.0 = Debug|Any CPU
		{3E53F1DA-3E52-461D-879F-41469678C4E1}.Release|Any CPU.ActiveCfg = Release|Any CPU
		{3E53F1DA-3E52-461D-879F-41469678C4E1}.Release|Any CPU.Build.0 = Release|Any CPU
	EndGlobalSection
	GlobalSection(SolutionProperties) = preSolution
		HideSolutionNode = FALSE
	EndGlobalSection
	GlobalSection(ExtensibilityGlobals) = postSolution
		SolutionGuid = {0D5A900B-3117-4356-98CA-0BA37BCB01CF}
	EndGlobalSection
EndGlobal
